
Microsoft Visual Studio Solution File, Format Version 12.00
# Visual Studio Version 17
VisualStudioVersion = 17.3.32901.215
MinimumVisualStudioVersion = 10.0.40219.1
Project("{FAE04EC0-301F-11D3-BF4B-00C04F79EFBC}") = "XStats.UI", "XStats.UI\XStats.UI.csproj", "{2B3B2568-6A20-4105-90F3-F7C5407DC655}"
EndProject
Global
	GlobalSection(SolutionConfigurationPlatforms) = preSolution
		Debug|Any CPU = Debug|Any CPU
		Release|Any CPU = Release|Any CPU
	EndGlobalSection
	GlobalSection(ProjectConfigurationPlatforms) = postSolution
		{2B3B2568-6A20-4105-90F3-F7C5407DC655}.Debug|Any CPU.ActiveCfg = Debug|Any CPU
		{2B3B2568-6A20-4105-90F3-F7C5407DC655}.Debug|Any CPU.Build.0 = Debug|Any CPU
		{2B3B2568-6A20-4105-90F3-F7C5407DC655}.Release|Any CPU.ActiveCfg = Release|Any CPU
		{2B3B2568-6A20-4105-90F3-F7C5407DC655}.Release|Any CPU.Build.0 = Release|Any CPU
	EndGlobalSection
	GlobalSection(SolutionProperties) = preSolution
		HideSolutionNode = FALSE
	EndGlobalSection
	GlobalSection(ExtensibilityGlobals) = postSolution
		SolutionGuid = {ABB6BA4E-D565-4673-8F12-20FA27E8B0FB}
	EndGlobalSection
EndGlobal
